
Microsoft Visual Studio Solution File, Format Version 12.00
# Visual Studio Version 17
VisualStudioVersion = 17.4.33205.214
MinimumVisualStudioVersion = 10.0.40219.1
Project("{FAE04EC0-301F-11D3-BF4B-00C04F79EFBC}") = "Mod16", "Mod16\Mod16.csproj", "{70BC0300-DB4B-4A68-B2D1-872776C1D08E}"
EndProject
Project("{FAE04EC0-301F-11D3-BF4B-00C04F79EFBC}") = "Mod16.Tests", "Mod16.Tests\Mod16.Tests.csproj", "{2AD928DE-9E24-4FF4-9F95-24757E10225E}"
EndProject
Global
	GlobalSection(SolutionConfigurationPlatforms) = preSolution
		Debug|Any CPU = Debug|Any CPU
		Release|Any CPU = Release|Any CPU
	EndGlobalSection
	GlobalSection(ProjectConfigurationPlatforms) = postSolution
		{70BC0300-DB4B-4A68-B2D1-872776C1D08E}.Debug|Any CPU.ActiveCfg = Debug|Any CPU
		{70BC0300-DB4B-4A68-B2D1-872776C1D08E}.Debug|Any CPU.Build.0 = Debug|Any CPU
		{70BC0300-DB4B-4A68-B2D1-872776C1D08E}.Release|Any CPU.ActiveCfg = Release|Any CPU
		{70BC0300-DB4B-4A68-B2D1-872776C1D08E}.Release|Any CPU.Build.0 = Release|Any CPU
		{2AD928DE-9E24-4FF4-9F95-24757E10225E}.Debug|Any CPU.ActiveCfg = Debug|Any CPU
		{2AD928DE-9E24-4FF4-9F95-24757E10225E}.Debug|Any CPU.Build.0 = Debug|Any CPU
		{2AD928DE-9E24-4FF4-9F95-24757E10225E}.Release|Any CPU.ActiveCfg = Release|Any CPU
		{2AD928DE-9E24-4FF4-9F95-24757E10225E}.Release|Any CPU.Build.0 = Release|Any CPU
	EndGlobalSection
	GlobalSection(SolutionProperties) = preSolution
		HideSolutionNode = FALSE
	EndGlobalSection
	GlobalSection(ExtensibilityGlobals) = postSolution
		SolutionGuid = {2053744C-104E-4A4B-B561-34C2287D758C}
	EndGlobalSection
EndGlobal
